
Microsoft Visual Studio Solution File, Format Version 12.00
# Visual Studio Version 17
VisualStudioVersion = 17.1.32228.430
MinimumVisualStudioVersion = 10.0.40219.1
Project("{2150E333-8FDC-42A3-9474-1A3956D46DE8}") = "Solution Items", "Solution Items", "{8CC070AB-64DC-4C02-89E7-D8E5EC91A492}"
	ProjectSection(SolutionItems) = preProject
		.editorconfig = .editorconfig
		.gitignore = .gitignore
		appveyor.yml = appveyor.yml
		LICENSE.txt = LICENSE.txt
		README.md = README.md
	EndProjectSection
EndProject
Project("{9A19103F-16F7-4668-BE54-9A1E7A4F7556}") = "OpenUtau.Test", "OpenUtau.Test\OpenUtau.Test.csproj", "{7B351EB5-B83A-4938-99A0-45C2B2116DEF}"
	ProjectSection(ProjectDependencies) = postProject
		{9535E26C-4584-4126-B6F7-B91B41113196} = {9535E26C-4584-4126-B6F7-B91B41113196}
	EndProjectSection
EndProject
Project("{9A19103F-16F7-4668-BE54-9A1E7A4F7556}") = "OpenUtau.Core", "OpenUtau.Core\OpenUtau.Core.csproj", "{7793257C-054C-4935-A1EF-CAB345E9F6C5}"
EndProject
Project("{9A19103F-16F7-4668-BE54-9A1E7A4F7556}") = "OpenUtau", "OpenUtau\OpenUtau.csproj", "{9535E26C-4584-4126-B6F7-B91B41113196}"
	ProjectSection(ProjectDependencies) = postProject
		{D24740E1-CC43-4226-A573-59C013FE50A2} = {D24740E1-CC43-4226-A573-59C013FE50A2}
	EndProjectSection
EndProject
Project("{9A19103F-16F7-4668-BE54-9A1E7A4F7556}") = "OpenUtau.Plugin.Builtin", "OpenUtau.Plugin.Builtin\OpenUtau.Plugin.Builtin.csproj", "{D24740E1-CC43-4226-A573-59C013FE50A2}"
EndProject
Global
	GlobalSection(SolutionConfigurationPlatforms) = preSolution
		Debug|Any CPU = Debug|Any CPU
		Release|Any CPU = Release|Any CPU
	EndGlobalSection
	GlobalSection(ProjectConfigurationPlatforms) = postSolution
		{7B351EB5-B83A-4938-99A0-45C2B2116DEF}.Debug|Any CPU.ActiveCfg = Debug|Any CPU
		{7B351EB5-B83A-4938-99A0-45C2B2116DEF}.Debug|Any CPU.Build.0 = Debug|Any CPU
		{7B351EB5-B83A-4938-99A0-45C2B2116DEF}.Release|Any CPU.ActiveCfg = Release|Any CPU
		{7B351EB5-B83A-4938-99A0-45C2B2116DEF}.Release|Any CPU.Build.0 = Release|Any CPU
		{7793257C-054C-4935-A1EF-CAB345E9F6C5}.Debug|Any CPU.ActiveCfg = Debug|Any CPU
		{7793257C-054C-4935-A1EF-CAB345E9F6C5}.Debug|Any CPU.Build.0 = Debug|Any CPU
		{7793257C-054C-4935-A1EF-CAB345E9F6C5}.Release|Any CPU.ActiveCfg = Release|Any CPU
		{7793257C-054C-4935-A1EF-CAB345E9F6C5}.Release|Any CPU.Build.0 = Release|Any CPU
		{9535E26C-4584-4126-B6F7-B91B41113196}.Debug|Any CPU.ActiveCfg = Debug|Any CPU
		{9535E26C-4584-4126-B6F7-B91B41113196}.Debug|Any CPU.Build.0 = Debug|Any CPU
		{9535E26C-4584-4126-B6F7-B91B41113196}.Release|Any CPU.ActiveCfg = Release|Any CPU
		{9535E26C-4584-4126-B6F7-B91B41113196}.Release|Any CPU.Build.0 = Release|Any CPU
		{D24740E1-CC43-4226-A573-59C013FE50A2}.Debug|Any CPU.ActiveCfg = Debug|Any CPU
		{D24740E1-CC43-4226-A573-59C013FE50A2}.Debug|Any CPU.Build.0 = Debug|Any CPU
		{D24740E1-CC43-4226-A573-59C013FE50A2}.Release|Any CPU.ActiveCfg = Release|Any CPU
		{D24740E1-CC43-4226-A573-59C013FE50A2}.Release|Any CPU.Build.0 = Release|Any CPU
	EndGlobalSection
	GlobalSection(SolutionProperties) = preSolution
		HideSolutionNode = FALSE
	EndGlobalSection
	GlobalSection(ExtensibilityGlobals) = postSolution
		SolutionGuid = {8B9CB0FF-2508-4CE7-A63E-55A25641AFF8}
	EndGlobalSection
EndGlobal
